
Microsoft Visual Studio Solution File, Format Version 12.00
# Visual Studio Version 17
VisualStudioVersion = 17.0.31903.59
MinimumVisualStudioVersion = 10.0.40219.1
Project("{FAE04EC0-301F-11D3-BF4B-00C04F79EFBC}") = "API", "API\API.csproj", "{CD993319-9731-42AF-BF7E-EE7F7355D70C}"
EndProject
Project("{FAE04EC0-301F-11D3-BF4B-00C04F79EFBC}") = "Infrastructure", "Infrastructure\Infrastructure.csproj", "{880BCAEC-89DB-47B4-8210-F703AB40B46E}"
EndProject
Project("{FAE04EC0-301F-11D3-BF4B-00C04F79EFBC}") = "Core", "Core\Core.csproj", "{6D73F992-A99A-44FB-BCCA-357081B10425}"
EndProject
Global
	GlobalSection(SolutionConfigurationPlatforms) = preSolution
		Debug|Any CPU = Debug|Any CPU
		Release|Any CPU = Release|Any CPU
	EndGlobalSection
	GlobalSection(SolutionProperties) = preSolution
		HideSolutionNode = FALSE
	EndGlobalSection
	GlobalSection(ProjectConfigurationPlatforms) = postSolution
		{CD993319-9731-42AF-BF7E-EE7F7355D70C}.Debug|Any CPU.ActiveCfg = Debug|Any CPU
		{CD993319-9731-42AF-BF7E-EE7F7355D70C}.Debug|Any CPU.Build.0 = Debug|Any CPU
		{CD993319-9731-42AF-BF7E-EE7F7355D70C}.Release|Any CPU.ActiveCfg = Release|Any CPU
		{CD993319-9731-42AF-BF7E-EE7F7355D70C}.Release|Any CPU.Build.0 = Release|Any CPU
		{880BCAEC-89DB-47B4-8210-F703AB40B46E}.Debug|Any CPU.ActiveCfg = Debug|Any CPU
		{880BCAEC-89DB-47B4-8210-F703AB40B46E}.Debug|Any CPU.Build.0 = Debug|Any CPU
		{880BCAEC-89DB-47B4-8210-F703AB40B46E}.Release|Any CPU.ActiveCfg = Release|Any CPU
		{880BCAEC-89DB-47B4-8210-F703AB40B46E}.Release|Any CPU.Build.0 = Release|Any CPU
		{6D73F992-A99A-44FB-BCCA-357081B10425}.Debug|Any CPU.ActiveCfg = Debug|Any CPU
		{6D73F992-A99A-44FB-BCCA-357081B10425}.Debug|Any CPU.Build.0 = Debug|Any CPU
		{6D73F992-A99A-44FB-BCCA-357081B10425}.Release|Any CPU.ActiveCfg = Release|Any CPU
		{6D73F992-A99A-44FB-BCCA-357081B10425}.Release|Any CPU.Build.0 = Release|Any CPU
	EndGlobalSection
EndGlobal
